
Microsoft Visual Studio Solution File, Format Version 12.00
# Visual Studio Version 17
VisualStudioVersion = 17.6.33712.159
MinimumVisualStudioVersion = 10.0.40219.1
Project("{9A19103F-16F7-4668-BE54-9A1E7A4F7556}") = "SecureGroup", "SecureGroup.csproj", "{6E454F28-CEBE-47CF-B392-550CB57DC1AD}"
EndProject
Project("{9A19103F-16F7-4668-BE54-9A1E7A4F7556}") = "SecureGroup.ViewModel", "..\SecureGroup.ViewModel\SecureGroup.ViewModel.csproj", "{FA7B5FC3-729E-4F40-9F31-2BF47BF22323}"
EndProject
Global
	GlobalSection(SolutionConfigurationPlatforms) = preSolution
		Debug|Any CPU = Debug|Any CPU
		Release|Any CPU = Release|Any CPU
	EndGlobalSection
	GlobalSection(ProjectConfigurationPlatforms) = postSolution
		{6E454F28-CEBE-47CF-B392-550CB57DC1AD}.Debug|Any CPU.ActiveCfg = Debug|Any CPU
		{6E454F28-CEBE-47CF-B392-550CB57DC1AD}.Debug|Any CPU.Build.0 = Debug|Any CPU
		{6E454F28-CEBE-47CF-B392-550CB57DC1AD}.Release|Any CPU.ActiveCfg = Release|Any CPU
		{6E454F28-CEBE-47CF-B392-550CB57DC1AD}.Release|Any CPU.Build.0 = Release|Any CPU
		{FA7B5FC3-729E-4F40-9F31-2BF47BF22323}.Debug|Any CPU.ActiveCfg = Debug|Any CPU
		{FA7B5FC3-729E-4F40-9F31-2BF47BF22323}.Debug|Any CPU.Build.0 = Debug|Any CPU
		{FA7B5FC3-729E-4F40-9F31-2BF47BF22323}.Release|Any CPU.ActiveCfg = Release|Any CPU
		{FA7B5FC3-729E-4F40-9F31-2BF47BF22323}.Release|Any CPU.Build.0 = Release|Any CPU
	EndGlobalSection
	GlobalSection(SolutionProperties) = preSolution
		HideSolutionNode = FALSE
	EndGlobalSection
	GlobalSection(ExtensibilityGlobals) = postSolution
		SolutionGuid = {93B26431-5097-4487-B048-E6C2492BB14A}
	EndGlobalSection
EndGlobal
